{
  "name": "Applet",
  "lockfileVersion": 3,
  "requires": true,
  "packages": {
    "": {
      "dependencies": {
        "@vant/area-data": "^2.1.0"
      }
    },
    "node_modules/@vant/area-data": {
      "version": "2.1.0",
      "resolved": "https://registry.npmmirror.com/@vant/area-data/-/area-data-2.1.0.tgz",
      "integrity": "sha512-wx9PrUX7wSUJiFcz8UrcvZfTjV6sTc+7SHcbjGQQzEcv5y+EwOo5uV4ZKdfrR5Hzcw4MA08LQdvXPSEb4nWbug==",
      "license": "MIT"
    }
  }
}
